
Microsoft Visual Studio Solution File, Format Version 12.00
# Visual Studio Version 16
VisualStudioVersion = 16.0.31729.503
MinimumVisualStudioVersion = 10.0.40219.1
Project("{FAE04EC0-301F-11D3-BF4B-00C04F79EFBC}") = "EssentialTraining", "EssentialTraining.csproj", "{3718107E-6609-4900-AB51-E6225C3B2674}"
EndProject
Project("{FAE04EC0-301F-11D3-BF4B-00C04F79EFBC}") = "EssentialTrainingTests", "..\EssentialTrainingTests\EssentialTrainingTests.csproj", "{AA948656-700B-476C-A90D-FC74FC5BE22E}"
EndProject
Global
	GlobalSection(SolutionConfigurationPlatforms) = preSolution
		Debug|Any CPU = Debug|Any CPU
		Release|Any CPU = Release|Any CPU
	EndGlobalSection
	GlobalSection(ProjectConfigurationPlatforms) = postSolution
		{3718107E-6609-4900-AB51-E6225C3B2674}.Debug|Any CPU.ActiveCfg = Debug|Any CPU
		{3718107E-6609-4900-AB51-E6225C3B2674}.Debug|Any CPU.Build.0 = Debug|Any CPU
		{3718107E-6609-4900-AB51-E6225C3B2674}.Release|Any CPU.ActiveCfg = Release|Any CPU
		{3718107E-6609-4900-AB51-E6225C3B2674}.Release|Any CPU.Build.0 = Release|Any CPU
		{AA948656-700B-476C-A90D-FC74FC5BE22E}.Debug|Any CPU.ActiveCfg = Debug|Any CPU
		{AA948656-700B-476C-A90D-FC74FC5BE22E}.Debug|Any CPU.Build.0 = Debug|Any CPU
		{AA948656-700B-476C-A90D-FC74FC5BE22E}.Release|Any CPU.ActiveCfg = Release|Any CPU
		{AA948656-700B-476C-A90D-FC74FC5BE22E}.Release|Any CPU.Build.0 = Release|Any CPU
	EndGlobalSection
	GlobalSection(SolutionProperties) = preSolution
		HideSolutionNode = FALSE
	EndGlobalSection
	GlobalSection(ExtensibilityGlobals) = postSolution
		SolutionGuid = {60235F60-DDE8-4A8F-8768-B484633B95E8}
	EndGlobalSection
EndGlobal
